
Microsoft Visual Studio Solution File, Format Version 12.00
# Visual Studio Version 16
VisualStudioVersion = 16.0.30413.136
MinimumVisualStudioVersion = 10.0.40219.1
Project("{8BC9CEB8-8B4A-11D0-8D11-00A0C91BC942}") = "hw1_4_김채연", "hw1_4_김채연.vcxproj", "{B123EE45-D5A0-4260-BE3B-0F441762F141}"
EndProject
Global
	GlobalSection(SolutionConfigurationPlatforms) = preSolution
		Debug|x64 = Debug|x64
		Debug|x86 = Debug|x86
		Release|x64 = Release|x64
		Release|x86 = Release|x86
	EndGlobalSection
	GlobalSection(ProjectConfigurationPlatforms) = postSolution
		{B123EE45-D5A0-4260-BE3B-0F441762F141}.Debug|x64.ActiveCfg = Debug|x64
		{B123EE45-D5A0-4260-BE3B-0F441762F141}.Debug|x64.Build.0 = Debug|x64
		{B123EE45-D5A0-4260-BE3B-0F441762F141}.Debug|x86.ActiveCfg = Debug|Win32
		{B123EE45-D5A0-4260-BE3B-0F441762F141}.Debug|x86.Build.0 = Debug|Win32
		{B123EE45-D5A0-4260-BE3B-0F441762F141}.Release|x64.ActiveCfg = Release|x64
		{B123EE45-D5A0-4260-BE3B-0F441762F141}.Release|x64.Build.0 = Release|x64
		{B123EE45-D5A0-4260-BE3B-0F441762F141}.Release|x86.ActiveCfg = Release|Win32
		{B123EE45-D5A0-4260-BE3B-0F441762F141}.Release|x86.Build.0 = Release|Win32
	EndGlobalSection
	GlobalSection(SolutionProperties) = preSolution
		HideSolutionNode = FALSE
	EndGlobalSection
	GlobalSection(ExtensibilityGlobals) = postSolution
		SolutionGuid = {8C36E7CB-6491-41DF-A2F1-023E92D48448}
	EndGlobalSection
EndGlobal
